PODS:
  - Capacitor (8.4.0):
    - CapacitorCordova
  - CapacitorApp (8.1.0):
    - Capacitor
  - CapacitorCordova (8.4.0)

DEPENDENCIES:
  - "Capacitor (from `../../node_modules/@capacitor/ios`)"
  - "CapacitorApp (from `../../node_modules/@capacitor/app`)"
  - "CapacitorCordova (from `../../node_modules/@capacitor/ios`)"

EXTERNAL SOURCES:
  Capacitor:
    :path: "../../node_modules/@capacitor/ios"
  CapacitorApp:
    :path: "../../node_modules/@capacitor/app"
  CapacitorCordova:
    :path: "../../node_modules/@capacitor/ios"

SPEC CHECKSUMS:
  Capacitor: 8273022511838f32d2b245105fdee086195b1304
  CapacitorApp: a4d8d936cc4390859a3766f141048abe55d4076f
  CapacitorCordova: 71d81f350e6c30bf2a846593b5c480fbd68e9bac

PODFILE CHECKSUM: 8d3a068e6bdeae4e48179fbadb51c6e32c44ed00

COCOAPODS: 1.12.1
